
Microsoft Visual Studio Solution File, Format Version 12.00
# Visual Studio Version 17
VisualStudioVersion = 17.9.34728.123
MinimumVisualStudioVersion = 10.0.40219.1
Project("{E53339B2-1760-4266-BCC7-CA923CBCF16C}") = "docker-compose", "docker-compose.dcproj", "{E814A8B6-2750-44A6-BCB8-2F68BDC966CD}"
EndProject
Project("{FAE04EC0-301F-11D3-BF4B-00C04F79EFBC}") = "Ecoeden.Swagger", "Ecoeden.Swagger\Ecoeden.Swagger.csproj", "{C6C060D4-CABF-43F5-92AD-DAAC6E491F34}"
EndProject
Project("{FAE04EC0-301F-11D3-BF4B-00C04F79EFBC}") = "Ecoeden.Catalogue.Infrastructure", "Ecoeden.Catalogue.Infrastructure\Ecoeden.Catalogue.Infrastructure.csproj", "{A2A7586D-D2F7-4952-A12C-415B56DA4300}"
EndProject
Project("{FAE04EC0-301F-11D3-BF4B-00C04F79EFBC}") = "Ecoeden.Catalogue.Domain", "Ecoeden.Catalogue.Domain\Ecoeden.Catalogue.Domain.csproj", "{48729A59-56EF-4432-8BE6-85CD2D2CCE1B}"
EndProject
Project("{FAE04EC0-301F-11D3-BF4B-00C04F79EFBC}") = "Ecoeden.Catalogue.Application", "Ecoeden.Catalogue.Application\Ecoeden.Catalogue.Application.csproj", "{626D446C-3A30-43B2-AAEC-264F28C380B4}"
EndProject
Project("{FAE04EC0-301F-11D3-BF4B-00C04F79EFBC}") = "Ecoeden.Catalogue.Api", "Ecoeden.Catalogue.Api\Ecoeden.Catalogue.Api.csproj", "{30ED1C03-9CBF-4DC4-A68F-C982E6D63A9B}"
EndProject
Global
	GlobalSection(SolutionConfigurationPlatforms) = preSolution
		Debug|Any CPU = Debug|Any CPU
		Release|Any CPU = Release|Any CPU
	EndGlobalSection
	GlobalSection(ProjectConfigurationPlatforms) = postSolution
		{E814A8B6-2750-44A6-BCB8-2F68BDC966CD}.Debug|Any CPU.ActiveCfg = Debug|Any CPU
		{E814A8B6-2750-44A6-BCB8-2F68BDC966CD}.Debug|Any CPU.Build.0 = Debug|Any CPU
		{E814A8B6-2750-44A6-BCB8-2F68BDC966CD}.Release|Any CPU.ActiveCfg = Release|Any CPU
		{E814A8B6-2750-44A6-BCB8-2F68BDC966CD}.Release|Any CPU.Build.0 = Release|Any CPU
		{C6C060D4-CABF-43F5-92AD-DAAC6E491F34}.Debug|Any CPU.ActiveCfg = Debug|Any CPU
		{C6C060D4-CABF-43F5-92AD-DAAC6E491F34}.Debug|Any CPU.Build.0 = Debug|Any CPU
		{C6C060D4-CABF-43F5-92AD-DAAC6E491F34}.Release|Any CPU.ActiveCfg = Release|Any CPU
		{C6C060D4-CABF-43F5-92AD-DAAC6E491F34}.Release|Any CPU.Build.0 = Release|Any CPU
		{A2A7586D-D2F7-4952-A12C-415B56DA4300}.Debug|Any CPU.ActiveCfg = Debug|Any CPU
		{A2A7586D-D2F7-4952-A12C-415B56DA4300}.Debug|Any CPU.Build.0 = Debug|Any CPU
		{A2A7586D-D2F7-4952-A12C-415B56DA4300}.Release|Any CPU.ActiveCfg = Release|Any CPU
		{A2A7586D-D2F7-4952-A12C-415B56DA4300}.Release|Any CPU.Build.0 = Release|Any CPU
		{48729A59-56EF-4432-8BE6-85CD2D2CCE1B}.Debug|Any CPU.ActiveCfg = Debug|Any CPU
		{48729A59-56EF-4432-8BE6-85CD2D2CCE1B}.Debug|Any CPU.Build.0 = Debug|Any CPU
		{48729A59-56EF-4432-8BE6-85CD2D2CCE1B}.Release|Any CPU.ActiveCfg = Release|Any CPU
		{48729A59-56EF-4432-8BE6-85CD2D2CCE1B}.Release|Any CPU.Build.0 = Release|Any CPU
		{626D446C-3A30-43B2-AAEC-264F28C380B4}.Debug|Any CPU.ActiveCfg = Debug|Any CPU
		{626D446C-3A30-43B2-AAEC-264F28C380B4}.Debug|Any CPU.Build.0 = Debug|Any CPU
		{626D446C-3A30-43B2-AAEC-264F28C380B4}.Release|Any CPU.ActiveCfg = Release|Any CPU
		{626D446C-3A30-43B2-AAEC-264F28C380B4}.Release|Any CPU.Build.0 = Release|Any CPU
		{30ED1C03-9CBF-4DC4-A68F-C982E6D63A9B}.Debug|Any CPU.ActiveCfg = Debug|Any CPU
		{30ED1C03-9CBF-4DC4-A68F-C982E6D63A9B}.Debug|Any CPU.Build.0 = Debug|Any CPU
		{30ED1C03-9CBF-4DC4-A68F-C982E6D63A9B}.Release|Any CPU.ActiveCfg = Release|Any CPU
		{30ED1C03-9CBF-4DC4-A68F-C982E6D63A9B}.Release|Any CPU.Build.0 = Release|Any CPU
	EndGlobalSection
	GlobalSection(SolutionProperties) = preSolution
		HideSolutionNode = FALSE
	EndGlobalSection
	GlobalSection(ExtensibilityGlobals) = postSolution
		SolutionGuid = {18438583-C702-4C79-BC42-55FB9D611847}
	EndGlobalSection
EndGlobal
